<?xml version="1.0" encoding="utf-8"?>
<Project ToolsVersion="4.0" xmlns="http://schemas.microsoft.com/developer/msbuild/2003">
  <ItemGroup>
    <Filter Include="Source Files">
      <UniqueIdentifier>{4FC737F1-C7A5-4376-A066-2A32D752A2FF}</UniqueIdentifier>
      <Extensions>cpp;c;cc;cxx;c++;cppm;ixx;def;odl;idl;hpj;bat;asm;asmx</Extensions>
    </Filter>
    <Filter Include="Header Files">
      <UniqueIdentifier>{93995380-89BD-4b04-88EB-625FBE52EBFB}</UniqueIdentifier>
      <Extensions>h;hh;hpp;hxx;h++;hm;inl;inc;ipp;xsd</Extensions>
    </Filter>
    <Filter Include="Resource Files">
      <UniqueIdentifier>{67DA6AB6-F800-4c08-8B7A-83BB121AAD01}</UniqueIdentifier>
      <Extensions>rc;ico;cur;bmp;dlg;rc2;rct;bin;rgs;gif;jpg;jpeg;jpe;resx;tiff;tif;png;wav;mfcribbon-ms</Extensions>
    </Filter>
    <Filter Include="Source Files\IpcTests">
      <UniqueIdentifier>{6626eb99-6612-4ffe-a250-2e337af6c072}</UniqueIdentifier>
    </Filter>
  </ItemGroup>
  <ItemGroup>
    <ClCompile Include="MicroBenchX.cpp">
      <Filter>Source Files</Filter>
    </ClCompile>
    <ClCompile Include="InstructionSet.cpp">
      <Filter>Source Files</Filter>
    </ClCompile>
  </ItemGroup>
  <ItemGroup>
    <NASM Include="IpcTests\add_avx256_float.asm">
      <Filter>Source Files\IpcTests</Filter>
    </NASM>
    <NASM Include="IpcTests\add_avx256_int.asm">
      <Filter>Source Files\IpcTests</Filter>
    </NASM>
    <NASM Include="IpcTests\add_avx512_float.asm">
      <Filter>Source Files\IpcTests</Filter>
    </NASM>
    <NASM Include="IpcTests\add_avx512_int.asm">
      <Filter>Source Files\IpcTests</Filter>
    </NASM>
    <NASM Include="IpcTests\add_int64.asm">
      <Filter>Source Files\IpcTests</Filter>
    </NASM>
    <NASM Include="IpcTests\add_sse128_float.asm">
      <Filter>Source Files\IpcTests</Filter>
    </NASM>
    <NASM Include="IpcTests\add_sse128_int.asm">
      <Filter>Source Files\IpcTests</Filter>
    </NASM>
    <NASM Include="IpcTests\and_int64.asm">
      <Filter>Source Files\IpcTests</Filter>
    </NASM>
    <NASM Include="IpcTests\div_avx256_float.asm">
      <Filter>Source Files\IpcTests</Filter>
    </NASM>
    <NASM Include="IpcTests\div_avx512_float.asm">
      <Filter>Source Files\IpcTests</Filter>
    </NASM>
    <NASM Include="IpcTests\div_int64.asm">
      <Filter>Source Files\IpcTests</Filter>
    </NASM>
    <NASM Include="IpcTests\div_sse128_float.asm">
      <Filter>Source Files\IpcTests</Filter>
    </NASM>
    <NASM Include="IpcTests\int_fp_mix.asm">
      <Filter>Source Files\IpcTests</Filter>
    </NASM>
    <NASM Include="IpcTests\madd_avx256_float.asm">
      <Filter>Source Files\IpcTests</Filter>
    </NASM>
    <NASM Include="IpcTests\madd_sse128_float.asm">
      <Filter>Source Files\IpcTests</Filter>
    </NASM>
    <NASM Include="IpcTests\mov_int64.asm">
      <Filter>Source Files\IpcTests</Filter>
    </NASM>
    <NASM Include="IpcTests\movdep_int64.asm">
      <Filter>Source Files\IpcTests</Filter>
    </NASM>
    <NASM Include="IpcTests\movself_int64.asm">
      <Filter>Source Files\IpcTests</Filter>
    </NASM>
    <NASM Include="IpcTests\mul_avx256_float.asm">
      <Filter>Source Files\IpcTests</Filter>
    </NASM>
    <NASM Include="IpcTests\mul_avx256_int.asm">
      <Filter>Source Files\IpcTests</Filter>
    </NASM>
    <NASM Include="IpcTests\mul_avx512_float.asm">
      <Filter>Source Files\IpcTests</Filter>
    </NASM>
    <NASM Include="IpcTests\mul_avx512_int.asm">
      <Filter>Source Files\IpcTests</Filter>
    </NASM>
    <NASM Include="IpcTests\mul_int64.asm">
      <Filter>Source Files\IpcTests</Filter>
    </NASM>
    <NASM Include="IpcTests\mul_sse128_float.asm">
      <Filter>Source Files\IpcTests</Filter>
    </NASM>
    <NASM Include="IpcTests\mul_sse128_int.asm">
      <Filter>Source Files\IpcTests</Filter>
    </NASM>
    <NASM Include="IpcTests\or_int64.asm">
      <Filter>Source Files\IpcTests</Filter>
    </NASM>
    <NASM Include="IpcTests\sub_avx256_float.asm">
      <Filter>Source Files\IpcTests</Filter>
    </NASM>
    <NASM Include="IpcTests\sub_avx256_int.asm">
      <Filter>Source Files\IpcTests</Filter>
    </NASM>
    <NASM Include="IpcTests\sub_avx512_float.asm">
      <Filter>Source Files\IpcTests</Filter>
    </NASM>
    <NASM Include="IpcTests\sub_avx512_int.asm">
      <Filter>Source Files\IpcTests</Filter>
    </NASM>
    <NASM Include="IpcTests\sub_int64.asm">
      <Filter>Source Files\IpcTests</Filter>
    </NASM>
    <NASM Include="IpcTests\sub_sse128_float.asm">
      <Filter>Source Files\IpcTests</Filter>
    </NASM>
    <NASM Include="IpcTests\sub_sse128_int.asm">
      <Filter>Source Files\IpcTests</Filter>
    </NASM>
    <NASM Include="IpcTests\xor_int64.asm">
      <Filter>Source Files\IpcTests</Filter>
    </NASM>
    <NASM Include="IpcTests\zen_fpu_mix_21.asm">
      <Filter>Source Files\IpcTests</Filter>
    </NASM>
    <NASM Include="IpcTests\zen_fpu_mix_22.asm">
      <Filter>Source Files\IpcTests</Filter>
    </NASM>
    <NASM Include="IpcTests\add_float64.asm">
      <Filter>Source Files\IpcTests</Filter>
    </NASM>
    <NASM Include="IpcTests\mov_float64.asm">
      <Filter>Source Files\IpcTests</Filter>
    </NASM>
    <NASM Include="IpcTests\mul_float64.asm">
      <Filter>Source Files\IpcTests</Filter>
    </NASM>
    <NASM Include="IpcTests\sub_float64.asm">
      <Filter>Source Files\IpcTests</Filter>
    </NASM>
    <NASM Include="IpcTests\div_float64.asm">
      <Filter>Source Files\IpcTests</Filter>
    </NASM>
  </ItemGroup>
  <ItemGroup>
    <None Include="parameters.inc">
      <Filter>Source Files</Filter>
    </None>
  </ItemGroup>
  <ItemGroup>
    <ClInclude Include="InstructionSet.h">
      <Filter>Header Files</Filter>
    </ClInclude>
  </ItemGroup>
</Project>